
Microsoft Visual Studio Solution File, Format Version 12.00
# Visual Studio Version 17
VisualStudioVersion = 17.10.35122.118
MinimumVisualStudioVersion = 10.0.40219.1
Project("{FAE04EC0-301F-11D3-BF4B-00C04F79EFBC}") = "Baseado na Aplicação Realizada em Sala", "Baseado na Aplicação Realizada em Sala.csproj", "{A8DA393C-CA02-4D40-920C-33C14D6C1005}"
EndProject
Global
	GlobalSection(SolutionConfigurationPlatforms) = preSolution
		Debug|Any CPU = Debug|Any CPU
		Release|Any CPU = Release|Any CPU
	EndGlobalSection
	GlobalSection(ProjectConfigurationPlatforms) = postSolution
		{A8DA393C-CA02-4D40-920C-33C14D6C1005}.Debug|Any CPU.ActiveCfg = Debug|Any CPU
		{A8DA393C-CA02-4D40-920C-33C14D6C1005}.Debug|Any CPU.Build.0 = Debug|Any CPU
		{A8DA393C-CA02-4D40-920C-33C14D6C1005}.Release|Any CPU.ActiveCfg = Release|Any CPU
		{A8DA393C-CA02-4D40-920C-33C14D6C1005}.Release|Any CPU.Build.0 = Release|Any CPU
	EndGlobalSection
	GlobalSection(SolutionProperties) = preSolution
		HideSolutionNode = FALSE
	EndGlobalSection
	GlobalSection(ExtensibilityGlobals) = postSolution
		SolutionGuid = {F3251FBA-230C-4F41-A9BD-6455D9435796}
	EndGlobalSection
EndGlobal
